
Microsoft Visual Studio Solution File, Format Version 12.00
# Visual Studio Version 17
VisualStudioVersion = 17.2.32516.85
MinimumVisualStudioVersion = 10.0.40219.1
Project("{FAE04EC0-301F-11D3-BF4B-00C04F79EFBC}") = "SoftUni", "SoftUni\SoftUni.csproj", "{5DA3495A-8AFE-4AFD-8F14-36F5AD5FC5BD}"
EndProject
Global
	GlobalSection(SolutionConfigurationPlatforms) = preSolution
		Debug|Any CPU = Debug|Any CPU
		Release|Any CPU = Release|Any CPU
	EndGlobalSection
	GlobalSection(ProjectConfigurationPlatforms) = postSolution
		{5DA3495A-8AFE-4AFD-8F14-36F5AD5FC5BD}.Debug|Any CPU.ActiveCfg = Debug|Any CPU
		{5DA3495A-8AFE-4AFD-8F14-36F5AD5FC5BD}.Debug|Any CPU.Build.0 = Debug|Any CPU
		{5DA3495A-8AFE-4AFD-8F14-36F5AD5FC5BD}.Release|Any CPU.ActiveCfg = Release|Any CPU
		{5DA3495A-8AFE-4AFD-8F14-36F5AD5FC5BD}.Release|Any CPU.Build.0 = Release|Any CPU
	EndGlobalSection
	GlobalSection(SolutionProperties) = preSolution
		HideSolutionNode = FALSE
	EndGlobalSection
	GlobalSection(ExtensibilityGlobals) = postSolution
		SolutionGuid = {76DE9891-4E68-4A29-9187-403CEC810F03}
	EndGlobalSection
EndGlobal
